
Microsoft Visual Studio Solution File, Format Version 12.00
# Visual Studio 15
VisualStudioVersion = 15.0.28307.329
MinimumVisualStudioVersion = 10.0.40219.1
Project("{FAE04EC0-301F-11D3-BF4B-00C04F79EFBC}") = "Main", "Main\Main.csproj", "{723A860B-01AF-4FE2-B970-B862AA2A9EDB}"
EndProject
Project("{FAE04EC0-301F-11D3-BF4B-00C04F79EFBC}") = "Tracing", "Tracing\Tracing.csproj", "{A2D8597A-3925-450A-91D3-6A7C32E45682}"
EndProject
Project("{FAE04EC0-301F-11D3-BF4B-00C04F79EFBC}") = "Tracer.Tests", "Tracer.Tests\Tracer.Tests.csproj", "{535AF8CC-3C63-443C-9936-5763B9AFFB2B}"
EndProject
Global
	GlobalSection(SolutionConfigurationPlatforms) = preSolution
		Debug|Any CPU = Debug|Any CPU
		Release|Any CPU = Release|Any CPU
	EndGlobalSection
	GlobalSection(ProjectConfigurationPlatforms) = postSolution
		{723A860B-01AF-4FE2-B970-B862AA2A9EDB}.Debug|Any CPU.ActiveCfg = Debug|Any CPU
		{723A860B-01AF-4FE2-B970-B862AA2A9EDB}.Debug|Any CPU.Build.0 = Debug|Any CPU
		{723A860B-01AF-4FE2-B970-B862AA2A9EDB}.Release|Any CPU.ActiveCfg = Release|Any CPU
		{723A860B-01AF-4FE2-B970-B862AA2A9EDB}.Release|Any CPU.Build.0 = Release|Any CPU
		{A2D8597A-3925-450A-91D3-6A7C32E45682}.Debug|Any CPU.ActiveCfg = Debug|Any CPU
		{A2D8597A-3925-450A-91D3-6A7C32E45682}.Debug|Any CPU.Build.0 = Debug|Any CPU
		{A2D8597A-3925-450A-91D3-6A7C32E45682}.Release|Any CPU.ActiveCfg = Release|Any CPU
		{A2D8597A-3925-450A-91D3-6A7C32E45682}.Release|Any CPU.Build.0 = Release|Any CPU
		{535AF8CC-3C63-443C-9936-5763B9AFFB2B}.Debug|Any CPU.ActiveCfg = Debug|Any CPU
		{535AF8CC-3C63-443C-9936-5763B9AFFB2B}.Debug|Any CPU.Build.0 = Debug|Any CPU
		{535AF8CC-3C63-443C-9936-5763B9AFFB2B}.Release|Any CPU.ActiveCfg = Release|Any CPU
		{535AF8CC-3C63-443C-9936-5763B9AFFB2B}.Release|Any CPU.Build.0 = Release|Any CPU
	EndGlobalSection
	GlobalSection(SolutionProperties) = preSolution
		HideSolutionNode = FALSE
	EndGlobalSection
	GlobalSection(ExtensibilityGlobals) = postSolution
		SolutionGuid = {D949EED9-E7F9-433A-AB6E-7A094A319874}
	EndGlobalSection
EndGlobal
